
Microsoft Visual Studio Solution File, Format Version 12.00
# Visual Studio 14
VisualStudioVersion = 14.0.24720.0
MinimumVisualStudioVersion = 10.0.40219.1
Project("{FAE04EC0-301F-11D3-BF4B-00C04F79EFBC}") = "COMP123-TheHeroClassAssignment", "COMP123-TheHeroClassAssignment\COMP123-TheHeroClassAssignment.csproj", "{06784FA9-CB41-47E0-80B0-00D11454ECEB}"
EndProject
Project("{FAE04EC0-301F-11D3-BF4B-00C04F79EFBC}") = "UnitTestForHeroProgram", "UnitTestForHeroProgram\UnitTestForHeroProgram.csproj", "{9E013F3D-AC7D-46B9-9C5E-6B976931782A}"
EndProject
Global
	GlobalSection(SolutionConfigurationPlatforms) = preSolution
		Debug|Any CPU = Debug|Any CPU
		Release|Any CPU = Release|Any CPU
	EndGlobalSection
	GlobalSection(ProjectConfigurationPlatforms) = postSolution
		{06784FA9-CB41-47E0-80B0-00D11454ECEB}.Debug|Any CPU.ActiveCfg = Debug|Any CPU
		{06784FA9-CB41-47E0-80B0-00D11454ECEB}.Debug|Any CPU.Build.0 = Debug|Any CPU
		{06784FA9-CB41-47E0-80B0-00D11454ECEB}.Release|Any CPU.ActiveCfg = Release|Any CPU
		{06784FA9-CB41-47E0-80B0-00D11454ECEB}.Release|Any CPU.Build.0 = Release|Any CPU
		{9E013F3D-AC7D-46B9-9C5E-6B976931782A}.Debug|Any CPU.ActiveCfg = Debug|Any CPU
		{9E013F3D-AC7D-46B9-9C5E-6B976931782A}.Debug|Any CPU.Build.0 = Debug|Any CPU
		{9E013F3D-AC7D-46B9-9C5E-6B976931782A}.Release|Any CPU.ActiveCfg = Release|Any CPU
		{9E013F3D-AC7D-46B9-9C5E-6B976931782A}.Release|Any CPU.Build.0 = Release|Any CPU
	EndGlobalSection
	GlobalSection(SolutionProperties) = preSolution
		HideSolutionNode = FALSE
	EndGlobalSection
EndGlobal
